# This file is automatically @generated by Poetry 2.1.2 and should not be changed by hand.

[[package]]
name = "asgiref"
version = "3.8.1"
description = "ASGI specs, helper code, and adapters"
optional = false
python-versions = ">=3.8"
groups = ["main", "dev"]
files = [
    {file = "asgiref-3.8.1-py3-none-any.whl", hash = "sha256:3e1e3ecc849832fe52ccf2cb6686b7a55f82bb1d6aee72a58826471390335e47"},
    {file = "asgiref-3.8.1.tar.gz", hash = "sha256:c343bd80a0bec947a9860adb4c432ffa7db769836c64238fc34bdc3fec84d590"},
]

[package.extras]
tests = ["mypy (>=0.800)", "pytest", "pytest-asyncio"]

[[package]]
name = "django"
version = "5.1.6"
description = "A high-level Python web framework that encourages rapid development and clean, pragmatic design."
optional = false
python-versions = ">=3.10"
groups = ["main", "dev"]
files = [
    {file = "Django-5.1.6-py3-none-any.whl", hash = "sha256:8d203400bc2952fbfb287c2bbda630297d654920c72a73cc82a9ad7926feaad5"},
    {file = "Django-5.1.6.tar.gz", hash = "sha256:1e39eafdd1b185e761d9fab7a9f0b9fa00af1b37b25ad980a8aa0dac13535690"},
]

[package.dependencies]
asgiref = ">=3.8.1,<4"
sqlparse = ">=0.3.1"
tzdata = {version = "*", markers = "sys_platform == \"win32\""}

[package.extras]
argon2 = ["argon2-cffi (>=19.1.0)"]
bcrypt = ["bcrypt"]

[[package]]
name = "django-appconf"
version = "1.1.0"
description = "A helper class for handling configuration defaults of packaged apps gracefully."
optional = false
python-versions = ">=3.9"
groups = ["main"]
files = [
    {file = "django-appconf-1.1.0.tar.gz", hash = "sha256:9fcead372f82a0f21ee189434e7ae9c007cbb29af1118c18251720f3d06243e4"},
    {file = "django_appconf-1.1.0-py3-none-any.whl", hash = "sha256:7abd5a163ff57557f216e84d3ce9dac36c37ffce1ab9a044d3d53b7c943dd10f"},
]

[package.dependencies]
django = "*"

[[package]]
name = "django-browser-reload"
version = "1.18.0"
description = "Automatically reload your browser in development."
optional = false
python-versions = ">=3.9"
groups = ["main"]
files = [
    {file = "django_browser_reload-1.18.0-py3-none-any.whl", hash = "sha256:ed4cc2fb83c3bf6c30b54107a1a6736c0b896e62e4eba666d81005b9f2ecf6f8"},
    {file = "django_browser_reload-1.18.0.tar.gz", hash = "sha256:c5f0b134723cbf2a0dc9ae1ee1d38e42db28fe23c74cdee613ba3ef286d04735"},
]

[package.dependencies]
asgiref = ">=3.6"
django = ">=4.2"

[[package]]
name = "django-compressor"
version = "4.5.1"
description = "('Compresses linked and inline JavaScript or CSS into single cached files.',)"
optional = false
python-versions = ">=3.8"
groups = ["main"]
files = [
    {file = "django_compressor-4.5.1-py2.py3-none-any.whl", hash = "sha256:87741edee4e7f24f3e0b8072d94a990cfb010cb2ca7cc443944da8e193cdea65"},
    {file = "django_compressor-4.5.1.tar.gz", hash = "sha256:c1d8a48a2ee4d8b7f23c411eb9c97e2d88db18a18ba1c9e8178d5f5b8366a822"},
]

[package.dependencies]
Django = ">=4.2"
django-appconf = ">=1.0.3"
rcssmin = "1.1.2"
rjsmin = "1.2.2"

[[package]]
name = "django-extensions"
version = "3.2.3"
description = "Extensions for Django"
optional = false
python-versions = ">=3.6"
groups = ["main", "dev"]
files = [
    {file = "django-extensions-3.2.3.tar.gz", hash = "sha256:44d27919d04e23b3f40231c4ab7af4e61ce832ef46d610cc650d53e68328410a"},
    {file = "django_extensions-3.2.3-py3-none-any.whl", hash = "sha256:9600b7562f79a92cbf1fde6403c04fee314608fefbb595502e34383ae8203401"},
]

[package.dependencies]
Django = ">=3.2"

[[package]]
name = "django-tailwind"
version = "3.8.0"
description = "Tailwind CSS Framework for Django projects"
optional = false
python-versions = ">=3.10.0,<4.0.0"
groups = ["main"]
files = [
    {file = "django_tailwind-3.8.0-py3-none-any.whl", hash = "sha256:fa969c5b95d314b173fe2b2ed2cb2c03f2e2c94fdc2c01ff73a993fa159085da"},
    {file = "django_tailwind-3.8.0.tar.gz", hash = "sha256:31c2f4a7879d685c2de0feaf0b63f246200b37337bea4d7dbafb59bc3f10c008"},
]

[package.dependencies]
django = ">=3.2.14"
django-browser-reload = {version = ">=1.12.1,<2.0.0", optional = true, markers = "extra == \"reload\""}

[package.extras]
reload = ["django-browser-reload (>=1.12.1,<2.0.0)"]

[[package]]
name = "djangorestframework"
version = "3.15.2"
description = "Web APIs for Django, made easy."
optional = false
python-versions = ">=3.8"
groups = ["main"]
files = [
    {file = "djangorestframework-3.15.2-py3-none-any.whl", hash = "sha256:2b8871b062ba1aefc2de01f773875441a961fefbf79f5eed1e32b2f096944b20"},
    {file = "djangorestframework-3.15.2.tar.gz", hash = "sha256:36fe88cd2d6c6bec23dca9804bab2ba5517a8bb9d8f47ebc68981b56840107ad"},
]

[package.dependencies]
django = ">=4.2"

[[package]]
name = "djangorestframework-simplejwt"
version = "5.4.0"
description = "A minimal JSON Web Token authentication plugin for Django REST Framework"
optional = false
python-versions = ">=3.9"
groups = ["main"]
files = [
    {file = "djangorestframework_simplejwt-5.4.0-py3-none-any.whl", hash = "sha256:7aec953db9ed4163430c16d086eecb0f028f814ce6bba62b06c25919261e9077"},
    {file = "djangorestframework_simplejwt-5.4.0.tar.gz", hash = "sha256:cccecce1a0e1a4a240fae80da73e5fc23055bababb8b67de88fa47cd36822320"},
]

[package.dependencies]
django = ">=4.2"
djangorestframework = ">=3.14"
pyjwt = ">=1.7.1,<3"

[package.extras]
crypto = ["cryptography (>=3.3.1)"]
dev = ["Sphinx (>=1.6.5,<2)", "cryptography", "flake8", "freezegun", "ipython", "isort", "pep8", "pytest", "pytest-cov", "pytest-django", "pytest-watch", "pytest-xdist", "python-jose (==3.3.0)", "sphinx_rtd_theme (>=0.1.9)", "tox", "twine", "wheel"]
doc = ["Sphinx (>=1.6.5,<2)", "sphinx_rtd_theme (>=0.1.9)"]
lint = ["flake8", "isort", "pep8"]
python-jose = ["python-jose (==3.3.0)"]
test = ["cryptography", "freezegun", "pytest", "pytest-cov", "pytest-django", "pytest-xdist", "tox"]

[[package]]
name = "gunicorn"
version = "23.0.0"
description = "WSGI HTTP Server for UNIX"
optional = false
python-versions = ">=3.7"
groups = ["main"]
files = [
    {file = "gunicorn-23.0.0-py3-none-any.whl", hash = "sha256:ec400d38950de4dfd418cff8328b2c8faed0edb0d517d3394e457c317908ca4d"},
    {file = "gunicorn-23.0.0.tar.gz", hash = "sha256:f014447a0101dc57e294f6c18ca6b40227a4c90e9bdb586042628030cba004ec"},
]

[package.dependencies]
packaging = "*"

[package.extras]
eventlet = ["eventlet (>=0.24.1,!=0.36.0)"]
gevent = ["gevent (>=1.4.0)"]
setproctitle = ["setproctitle"]
testing = ["coverage", "eventlet", "gevent", "pytest", "pytest-cov"]
tornado = ["tornado (>=0.2)"]

[[package]]
name = "numpy"
version = "2.2.3"
description = "Fundamental package for array computing in Python"
optional = false
python-versions = ">=3.10"
groups = ["main"]
files = [
    {file = "numpy-2.2.3-cp310-cp310-macosx_10_9_x86_64.whl", hash = "sha256:cbc6472e01952d3d1b2772b720428f8b90e2deea8344e854df22b0618e9cce71"},
    {file = "numpy-2.2.3-cp310-cp310-macosx_11_0_arm64.whl", hash = "sha256:cdfe0c22692a30cd830c0755746473ae66c4a8f2e7bd508b35fb3b6a0813d787"},
    {file = "numpy-2.2.3-cp310-cp310-macosx_14_0_arm64.whl", hash = "sha256:e37242f5324ffd9f7ba5acf96d774f9276aa62a966c0bad8dae692deebec7716"},
    {file = "numpy-2.2.3-cp310-cp310-macosx_14_0_x86_64.whl", hash = "sha256:95172a21038c9b423e68be78fd0be6e1b97674cde269b76fe269a5dfa6fadf0b"},
    {file = "numpy-2.2.3-cp310-cp310-manylinux_2_17_aarch64.manylinux2014_aarch64.whl", hash = "sha256:d5b47c440210c5d1d67e1cf434124e0b5c395eee1f5806fdd89b553ed1acd0a3"},
    {file = "numpy-2.2.3-cp310-cp310-manylinux_2_17_x86_64.manylinux2014_x86_64.whl", hash = "sha256:0391ea3622f5c51a2e29708877d56e3d276827ac5447d7f45e9bc4ade8923c52"},
    {file = "numpy-2.2.3-cp310-cp310-musllinux_1_2_aarch64.whl", hash = "sha256:f6b3dfc7661f8842babd8ea07e9897fe3d9b69a1d7e5fbb743e4160f9387833b"},
    {file = "numpy-2.2.3-cp310-cp310-musllinux_1_2_x86_64.whl", hash = "sha256:1ad78ce7f18ce4e7df1b2ea4019b5817a2f6a8a16e34ff2775f646adce0a5027"},
    {file = "numpy-2.2.3-cp310-cp310-win32.whl", hash = "sha256:5ebeb7ef54a7be11044c33a17b2624abe4307a75893c001a4800857956b41094"},
    {file = "numpy-2.2.3-cp310-cp310-win_amd64.whl", hash = "sha256:596140185c7fa113563c67c2e894eabe0daea18cf8e33851738c19f70ce86aeb"},
    {file = "numpy-2.2.3-cp311-cp311-macosx_10_9_x86_64.whl", hash = "sha256:16372619ee728ed67a2a606a614f56d3eabc5b86f8b615c79d01957062826ca8"},
    {file = "numpy-2.2.3-cp311-cp311-macosx_11_0_arm64.whl", hash = "sha256:5521a06a3148686d9269c53b09f7d399a5725c47bbb5b35747e1cb76326b714b"},
    {file = "numpy-2.2.3-cp311-cp311-macosx_14_0_arm64.whl", hash = "sha256:7c8dde0ca2f77828815fd1aedfdf52e59071a5bae30dac3b4da2a335c672149a"},
    {file = "numpy-2.2.3-cp311-cp311-macosx_14_0_x86_64.whl", hash = "sha256:77974aba6c1bc26e3c205c2214f0d5b4305bdc719268b93e768ddb17e3fdd636"},
    {file = "numpy-2.2.3-cp311-cp311-manylinux_2_17_aarch64.manylinux2014_aarch64.whl", hash = "sha256:d42f9c36d06440e34226e8bd65ff065ca0963aeecada587b937011efa02cdc9d"},
    {file = "numpy-2.2.3-cp311-cp311-manylinux_2_17_x86_64.manylinux2014_x86_64.whl", hash = "sha256:f2712c5179f40af9ddc8f6727f2bd910ea0eb50206daea75f58ddd9fa3f715bb"},
    {file = "numpy-2.2.3-cp311-cp311-musllinux_1_2_aarch64.whl", hash = "sha256:c8b0451d2ec95010d1db8ca733afc41f659f425b7f608af569711097fd6014e2"},
    {file = "numpy-2.2.3-cp311-cp311-musllinux_1_2_x86_64.whl", hash = "sha256:d9b4a8148c57ecac25a16b0e11798cbe88edf5237b0df99973687dd866f05e1b"},
    {file = "numpy-2.2.3-cp311-cp311-win32.whl", hash = "sha256:1f45315b2dc58d8a3e7754fe4e38b6fce132dab284a92851e41b2b344f6441c5"},
    {file = "numpy-2.2.3-cp311-cp311-win_amd64.whl", hash = "sha256:9f48ba6f6c13e5e49f3d3efb1b51c8193215c42ac82610a04624906a9270be6f"},
    {file = "numpy-2.2.3-cp312-cp312-macosx_10_13_x86_64.whl", hash = "sha256:12c045f43b1d2915eca6b880a7f4a256f59d62df4f044788c8ba67709412128d"},
    {file = "numpy-2.2.3-cp312-cp312-macosx_11_0_arm64.whl", hash = "sha256:87eed225fd415bbae787f93a457af7f5990b92a334e346f72070bf569b9c9c95"},
    {file = "numpy-2.2.3-cp312-cp312-macosx_14_0_arm64.whl", hash = "sha256:712a64103d97c404e87d4d7c47fb0c7ff9acccc625ca2002848e0d53288b90ea"},
    {file = "numpy-2.2.3-cp312-cp312-macosx_14_0_x86_64.whl", hash = "sha256:a5ae282abe60a2db0fd407072aff4599c279bcd6e9a2475500fc35b00a57c532"},
    {file = "numpy-2.2.3-cp312-cp312-manylinux_2_17_aarch64.manylinux2014_aarch64.whl", hash = "sha256:5266de33d4c3420973cf9ae3b98b54a2a6d53a559310e3236c4b2b06b9c07d4e"},
    {file = "numpy-2.2.3-cp312-cp312-manylinux_2_17_x86_64.manylinux2014_x86_64.whl", hash = "sha256:3b787adbf04b0db1967798dba8da1af07e387908ed1553a0d6e74c084d1ceafe"},
    {file = "numpy-2.2.3-cp312-cp312-musllinux_1_2_aarch64.whl", hash = "sha256:34c1b7e83f94f3b564b35f480f5652a47007dd91f7c839f404d03279cc8dd021"},
    {file = "numpy-2.2.3-cp312-cp312-musllinux_1_2_x86_64.whl", hash = "sha256:4d8335b5f1b6e2bce120d55fb17064b0262ff29b459e8493d1785c18ae2553b8"},
    {file = "numpy-2.2.3-cp312-cp312-win32.whl", hash = "sha256:4d9828d25fb246bedd31e04c9e75714a4087211ac348cb39c8c5f99dbb6683fe"},
    {file = "numpy-2.2.3-cp312-cp312-win_amd64.whl", hash = "sha256:83807d445817326b4bcdaaaf8e8e9f1753da04341eceec705c001ff342002e5d"},
    {file = "numpy-2.2.3-cp313-cp313-macosx_10_13_x86_64.whl", hash = "sha256:7bfdb06b395385ea9b91bf55c1adf1b297c9fdb531552845ff1d3ea6e40d5aba"},
    {file = "numpy-2.2.3-cp313-cp313-macosx_11_0_arm64.whl", hash = "sha256:23c9f4edbf4c065fddb10a4f6e8b6a244342d95966a48820c614891e5059bb50"},
    {file = "numpy-2.2.3-cp313-cp313-macosx_14_0_arm64.whl", hash = "sha256:a0c03b6be48aaf92525cccf393265e02773be8fd9551a2f9adbe7db1fa2b60f1"},
    {file = "numpy-2.2.3-cp313-cp313-macosx_14_0_x86_64.whl", hash = "sha256:2376e317111daa0a6739e50f7ee2a6353f768489102308b0d98fcf4a04f7f3b5"},
    {file = "numpy-2.2.3-cp313-cp313-manylinux_2_17_aarch64.manylinux2014_aarch64.whl", hash = "sha256:8fb62fe3d206d72fe1cfe31c4a1106ad2b136fcc1606093aeab314f02930fdf2"},
    {file = "numpy-2.2.3-cp313-cp313-manylinux_2_17_x86_64.manylinux2014_x86_64.whl", hash = "sha256:52659ad2534427dffcc36aac76bebdd02b67e3b7a619ac67543bc9bfe6b7cdb1"},
    {file = "numpy-2.2.3-cp313-cp313-musllinux_1_2_aarch64.whl", hash = "sha256:1b416af7d0ed3271cad0f0a0d0bee0911ed7eba23e66f8424d9f3dfcdcae1304"},
    {file = "numpy-2.2.3-cp313-cp313-musllinux_1_2_x86_64.whl", hash = "sha256:1402da8e0f435991983d0a9708b779f95a8c98c6b18a171b9f1be09005e64d9d"},
    {file = "numpy-2.2.3-cp313-cp313-win32.whl", hash = "sha256:136553f123ee2951bfcfbc264acd34a2fc2f29d7cdf610ce7daf672b6fbaa693"},
    {file = "numpy-2.2.3-cp313-cp313-win_amd64.whl", hash = "sha256:5b732c8beef1d7bc2d9e476dbba20aaff6167bf205ad9aa8d30913859e82884b"},
    {file = "numpy-2.2.3-cp313-cp313t-macosx_10_13_x86_64.whl", hash = "sha256:435e7a933b9fda8126130b046975a968cc2d833b505475e588339e09f7672890"},
    {file = "numpy-2.2.3-cp313-cp313t-macosx_11_0_arm64.whl", hash = "sha256:7678556eeb0152cbd1522b684dcd215250885993dd00adb93679ec3c0e6e091c"},
    {file = "numpy-2.2.3-cp313-cp313t-macosx_14_0_arm64.whl", hash = "sha256:2e8da03bd561504d9b20e7a12340870dfc206c64ea59b4cfee9fceb95070ee94"},
    {file = "numpy-2.2.3-cp313-cp313t-macosx_14_0_x86_64.whl", hash = "sha256:c9aa4496fd0e17e3843399f533d62857cef5900facf93e735ef65aa4bbc90ef0"},
    {file = "numpy-2.2.3-cp313-cp313t-manylinux_2_17_aarch64.manylinux2014_aarch64.whl", hash = "sha256:f4ca91d61a4bf61b0f2228f24bbfa6a9facd5f8af03759fe2a655c50ae2c6610"},
    {file = "numpy-2.2.3-cp313-cp313t-manylinux_2_17_x86_64.manylinux2014_x86_64.whl", hash = "sha256:deaa09cd492e24fd9b15296844c0ad1b3c976da7907e1c1ed3a0ad21dded6f76"},
    {file = "numpy-2.2.3-cp313-cp313t-musllinux_1_2_aarch64.whl", hash = "sha256:246535e2f7496b7ac85deffe932896a3577be7af8fb7eebe7146444680297e9a"},
    {file = "numpy-2.2.3-cp313-cp313t-musllinux_1_2_x86_64.whl", hash = "sha256:daf43a3d1ea699402c5a850e5313680ac355b4adc9770cd5cfc2940e7861f1bf"},
    {file = "numpy-2.2.3-cp313-cp313t-win32.whl", hash = "sha256:cf802eef1f0134afb81fef94020351be4fe1d6681aadf9c5e862af6602af64ef"},
    {file = "numpy-2.2.3-cp313-cp313t-win_amd64.whl", hash = "sha256:aee2512827ceb6d7f517c8b85aa5d3923afe8fc7a57d028cffcd522f1c6fd082"},
    {file = "numpy-2.2.3-pp310-pypy310_pp73-macosx_10_15_x86_64.whl", hash = "sha256:3c2ec8a0f51d60f1e9c0c5ab116b7fc104b165ada3f6c58abf881cb2eb16044d"},
    {file = "numpy-2.2.3-pp310-pypy310_pp73-macosx_14_0_x86_64.whl", hash = "sha256:ed2cf9ed4e8ebc3b754d398cba12f24359f018b416c380f577bbae112ca52fc9"},
    {file = "numpy-2.2.3-pp310-pypy310_pp73-manylinux_2_17_x86_64.manylinux2014_x86_64.whl", hash = "sha256:39261798d208c3095ae4f7bc8eaeb3481ea8c6e03dc48028057d3cbdbdb8937e"},
    {file = "numpy-2.2.3-pp310-pypy310_pp73-win_amd64.whl", hash = "sha256:783145835458e60fa97afac25d511d00a1eca94d4a8f3ace9fe2043003c678e4"},
    {file = "numpy-2.2.3.tar.gz", hash = "sha256:dbdc15f0c81611925f382dfa97b3bd0bc2c1ce19d4fe50482cb0ddc12ba30020"},
]

[[package]]
name = "packaging"
version = "24.2"
description = "Core utilities for Python packages"
optional = false
python-versions = ">=3.8"
groups = ["main"]
files = [
    {file = "packaging-24.2-py3-none-any.whl", hash = "sha256:09abb1bccd265c01f4a3aa3f7a7db064b36514d2cba19a2f694fe6150451a759"},
    {file = "packaging-24.2.tar.gz", hash = "sha256:c228a6dc5e932d346bc5739379109d49e8853dd8223571c7c5b55260edc0b97f"},
]

[[package]]
name = "pandas"
version = "2.2.3"
description = "Powerful data structures for data analysis, time series, and statistics"
optional = false
python-versions = ">=3.9"
groups = ["main"]
files = [
    {file = "pandas-2.2.3-cp310-cp310-macosx_10_9_x86_64.whl", hash = "sha256:1948ddde24197a0f7add2bdc4ca83bf2b1ef84a1bc8ccffd95eda17fd836ecb5"},
    {file = "pandas-2.2.3-cp310-cp310-macosx_11_0_arm64.whl", hash = "sha256:381175499d3802cde0eabbaf6324cce0c4f5d52ca6f8c377c29ad442f50f6348"},
    {file = "pandas-2.2.3-cp310-cp310-manylinux2014_aarch64.manylinux_2_17_aarch64.whl", hash = "sha256:d9c45366def9a3dd85a6454c0e7908f2b3b8e9c138f5dc38fed7ce720d8453ed"},
    {file = "pandas-2.2.3-cp310-cp310-manylinux_2_17_x86_64.manylinux2014_x86_64.whl", hash = "sha256:86976a1c5b25ae3f8ccae3a5306e443569ee3c3faf444dfd0f41cda24667ad57"},
    {file = "pandas-2.2.3-cp310-cp310-musllinux_1_2_aarch64.whl", hash = "sha256:b8661b0238a69d7aafe156b7fa86c44b881387509653fdf857bebc5e4008ad42"},
    {file = "pandas-2.2.3-cp310-cp310-musllinux_1_2_x86_64.whl", hash = "sha256:37e0aced3e8f539eccf2e099f65cdb9c8aa85109b0be6e93e2baff94264bdc6f"},
    {file = "pandas-2.2.3-cp310-cp310-win_amd64.whl", hash = "sha256:56534ce0746a58afaf7942ba4863e0ef81c9c50d3f0ae93e9497d6a41a057645"},
    {file = "pandas-2.2.3-cp311-cp311-macosx_10_9_x86_64.whl", hash = "sha256:66108071e1b935240e74525006034333f98bcdb87ea116de573a6a0dccb6c039"},
    {file = "pandas-2.2.3-cp311-cp311-macosx_11_0_arm64.whl", hash = "sha256:7c2875855b0ff77b2a64a0365e24455d9990730d6431b9e0ee18ad8acee13dbd"},
    {file = "pandas-2.2.3-cp311-cp311-manylinux2014_aarch64.manylinux_2_17_aarch64.whl", hash = "sha256:cd8d0c3be0515c12fed0bdbae072551c8b54b7192c7b1fda0ba56059a0179698"},
    {file = "pandas-2.2.3-cp311-cp311-manylinux_2_17_x86_64.manylinux2014_x86_64.whl", hash = "sha256:c124333816c3a9b03fbeef3a9f230ba9a737e9e5bb4060aa2107a86cc0a497fc"},
    {file = "pandas-2.2.3-cp311-cp311-musllinux_1_2_aarch64.whl", hash = "sha256:63cc132e40a2e084cf01adf0775b15ac515ba905d7dcca47e9a251819c575ef3"},
    {file = "pandas-2.2.3-cp311-cp311-musllinux_1_2_x86_64.whl", hash = "sha256:29401dbfa9ad77319367d36940cd8a0b3a11aba16063e39632d98b0e931ddf32"},
    {file = "pandas-2.2.3-cp311-cp311-win_amd64.whl", hash = "sha256:3fc6873a41186404dad67245896a6e440baacc92f5b716ccd1bc9ed2995ab2c5"},
    {file = "pandas-2.2.3-cp312-cp312-macosx_10_9_x86_64.whl", hash = "sha256:b1d432e8d08679a40e2a6d8b2f9770a5c21793a6f9f47fdd52c5ce1948a5a8a9"},
    {file = "pandas-2.2.3-cp312-cp312-macosx_11_0_arm64.whl", hash = "sha256:a5a1595fe639f5988ba6a8e5bc9649af3baf26df3998a0abe56c02609392e0a4"},
    {file = "pandas-2.2.3-cp312-cp312-manylinux2014_aarch64.manylinux_2_17_aarch64.whl", hash = "sha256:5de54125a92bb4d1c051c0659e6fcb75256bf799a732a87184e5ea503965bce3"},
    {file = "pandas-2.2.3-cp312-cp312-manylinux_2_17_x86_64.manylinux2014_x86_64.whl", hash = "sha256:fffb8ae78d8af97f849404f21411c95062db1496aeb3e56f146f0355c9989319"},
    {file = "pandas-2.2.3-cp312-cp312-musllinux_1_2_aarch64.whl", hash = "sha256:6dfcb5ee8d4d50c06a51c2fffa6cff6272098ad6540aed1a76d15fb9318194d8"},
    {file = "pandas-2.2.3-cp312-cp312-musllinux_1_2_x86_64.whl", hash = "sha256:062309c1b9ea12a50e8ce661145c6aab431b1e99530d3cd60640e255778bd43a"},
    {file = "pandas-2.2.3-cp312-cp312-win_amd64.whl", hash = "sha256:59ef3764d0fe818125a5097d2ae867ca3fa64df032331b7e0917cf5d7bf66b13"},
    {file = "pandas-2.2.3-cp313-cp313-macosx_10_13_x86_64.whl", hash = "sha256:f00d1345d84d8c86a63e476bb4955e46458b304b9575dcf71102b5c705320015"},
    {file = "pandas-2.2.3-cp313-cp313-macosx_11_0_arm64.whl", hash = "sha256:3508d914817e153ad359d7e069d752cdd736a247c322d932eb89e6bc84217f28"},
    {file = "pandas-2.2.3-cp313-cp313-manylinux2014_aarch64.manylinux_2_17_aarch64.whl", hash = "sha256:22a9d949bfc9a502d320aa04e5d02feab689d61da4e7764b62c30b991c42c5f0"},
    {file = "pandas-2.2.3-cp313-cp313-manylinux_2_17_x86_64.manylinux2014_x86_64.whl", hash = "sha256:f3a255b2c19987fbbe62a9dfd6cff7ff2aa9ccab3fc75218fd4b7530f01efa24"},
    {file = "pandas-2.2.3-cp313-cp313-musllinux_1_2_aarch64.whl", hash = "sha256:800250ecdadb6d9c78eae4990da62743b857b470883fa27f652db8bdde7f6659"},
    {file = "pandas-2.2.3-cp313-cp313-musllinux_1_2_x86_64.whl", hash = "sha256:6374c452ff3ec675a8f46fd9ab25c4ad0ba590b71cf0656f8b6daa5202bca3fb"},
    {file = "pandas-2.2.3-cp313-cp313-win_amd64.whl", hash = "sha256:61c5ad4043f791b61dd4752191d9f07f0ae412515d59ba8f005832a532f8736d"},
    {file = "pandas-2.2.3-cp313-cp313t-macosx_10_13_x86_64.whl", hash = "sha256:3b71f27954685ee685317063bf13c7709a7ba74fc996b84fc6821c59b0f06468"},
    {file = "pandas-2.2.3-cp313-cp313t-macosx_11_0_arm64.whl", hash = "sha256:38cf8125c40dae9d5acc10fa66af8ea6fdf760b2714ee482ca691fc66e6fcb18"},
    {file = "pandas-2.2.3-cp313-cp313t-manylinux2014_aarch64.manylinux_2_17_aarch64.whl", hash = "sha256:ba96630bc17c875161df3818780af30e43be9b166ce51c9a18c1feae342906c2"},
    {file = "pandas-2.2.3-cp313-cp313t-manylinux_2_17_x86_64.manylinux2014_x86_64.whl", hash = "sha256:1db71525a1538b30142094edb9adc10be3f3e176748cd7acc2240c2f2e5aa3a4"},
    {file = "pandas-2.2.3-cp313-cp313t-musllinux_1_2_aarch64.whl", hash = "sha256:15c0e1e02e93116177d29ff83e8b1619c93ddc9c49083f237d4312337a61165d"},
    {file = "pandas-2.2.3-cp313-cp313t-musllinux_1_2_x86_64.whl", hash = "sha256:ad5b65698ab28ed8d7f18790a0dc58005c7629f227be9ecc1072aa74c0c1d43a"},
    {file = "pandas-2.2.3-cp39-cp39-macosx_10_9_x86_64.whl", hash = "sha256:bc6b93f9b966093cb0fd62ff1a7e4c09e6d546ad7c1de191767baffc57628f39"},
    {file = "pandas-2.2.3-cp39-cp39-macosx_11_0_arm64.whl", hash = "sha256:5dbca4c1acd72e8eeef4753eeca07de9b1db4f398669d5994086f788a5d7cc30"},
    {file = "pandas-2.2.3-cp39-cp39-manylinux2014_aarch64.manylinux_2_17_aarch64.whl", hash = "sha256:8cd6d7cc958a3910f934ea8dbdf17b2364827bb4dafc38ce6eef6bb3d65ff09c"},
    {file = "pandas-2.2.3-cp39-cp39-manylinux_2_17_x86_64.manylinux2014_x86_64.whl", hash = "sha256:99df71520d25fade9db7c1076ac94eb994f4d2673ef2aa2e86ee039b6746d20c"},
    {file = "pandas-2.2.3-cp39-cp39-musllinux_1_2_aarch64.whl", hash = "sha256:31d0ced62d4ea3e231a9f228366919a5ea0b07440d9d4dac345376fd8e1477ea"},
    {file = "pandas-2.2.3-cp39-cp39-musllinux_1_2_x86_64.whl", hash = "sha256:7eee9e7cea6adf3e3d24e304ac6b8300646e2a5d1cd3a3c2abed9101b0846761"},
    {file = "pandas-2.2.3-cp39-cp39-win_amd64.whl", hash = "sha256:4850ba03528b6dd51d6c5d273c46f183f39a9baf3f0143e566b89450965b105e"},
    {file = "pandas-2.2.3.tar.gz", hash = "sha256:4f18ba62b61d7e192368b84517265a99b4d7ee8912f8708660fb4a366cc82667"},
]

[package.dependencies]
numpy = {version = ">=1.26.0", markers = "python_version >= \"3.12\""}
python-dateutil = ">=2.8.2"
pytz = ">=2020.1"
tzdata = ">=2022.7"

[package.extras]
all = ["PyQt5 (>=5.15.9)", "SQLAlchemy (>=2.0.0)", "adbc-driver-postgresql (>=0.8.0)", "adbc-driver-sqlite (>=0.8.0)", "beautifulsoup4 (>=4.11.2)", "bottleneck (>=1.3.6)", "dataframe-api-compat (>=0.1.7)", "fastparquet (>=2022.12.0)", "fsspec (>=2022.11.0)", "gcsfs (>=2022.11.0)", "html5lib (>=1.1)", "hypothesis (>=6.46.1)", "jinja2 (>=3.1.2)", "lxml (>=4.9.2)", "matplotlib (>=3.6.3)", "numba (>=0.56.4)", "numexpr (>=2.8.4)", "odfpy (>=1.4.1)", "openpyxl (>=3.1.0)", "pandas-gbq (>=0.19.0)", "psycopg2 (>=2.9.6)", "pyarrow (>=10.0.1)", "pymysql (>=1.0.2)", "pyreadstat (>=1.2.0)", "pytest (>=7.3.2)", "pytest-xdist (>=2.2.0)", "python-calamine (>=0.1.7)", "pyxlsb (>=1.0.10)", "qtpy (>=2.3.0)", "s3fs (>=2022.11.0)", "scipy (>=1.10.0)", "tables (>=3.8.0)", "tabulate (>=0.9.0)", "xarray (>=2022.12.0)", "xlrd (>=2.0.1)", "xlsxwriter (>=3.0.5)", "zstandard (>=0.19.0)"]
aws = ["s3fs (>=2022.11.0)"]
clipboard = ["PyQt5 (>=5.15.9)", "qtpy (>=2.3.0)"]
compression = ["zstandard (>=0.19.0)"]
computation = ["scipy (>=1.10.0)", "xarray (>=2022.12.0)"]
consortium-standard = ["dataframe-api-compat (>=0.1.7)"]
excel = ["odfpy (>=1.4.1)", "openpyxl (>=3.1.0)", "python-calamine (>=0.1.7)", "pyxlsb (>=1.0.10)", "xlrd (>=2.0.1)", "xlsxwriter (>=3.0.5)"]
feather = ["pyarrow (>=10.0.1)"]
fss = ["fsspec (>=2022.11.0)"]
gcp = ["gcsfs (>=2022.11.0)", "pandas-gbq (>=0.19.0)"]
hdf5 = ["tables (>=3.8.0)"]
html = ["beautifulsoup4 (>=4.11.2)", "html5lib (>=1.1)", "lxml (>=4.9.2)"]
mysql = ["SQLAlchemy (>=2.0.0)", "pymysql (>=1.0.2)"]
output-formatting = ["jinja2 (>=3.1.2)", "tabulate (>=0.9.0)"]
parquet = ["pyarrow (>=10.0.1)"]
performance = ["bottleneck (>=1.3.6)", "numba (>=0.56.4)", "numexpr (>=2.8.4)"]
plot = ["matplotlib (>=3.6.3)"]
postgresql = ["SQLAlchemy (>=2.0.0)", "adbc-driver-postgresql (>=0.8.0)", "psycopg2 (>=2.9.6)"]
pyarrow = ["pyarrow (>=10.0.1)"]
spss = ["pyreadstat (>=1.2.0)"]
sql-other = ["SQLAlchemy (>=2.0.0)", "adbc-driver-postgresql (>=0.8.0)", "adbc-driver-sqlite (>=0.8.0)"]
test = ["hypothesis (>=6.46.1)", "pytest (>=7.3.2)", "pytest-xdist (>=2.2.0)"]
xml = ["lxml (>=4.9.2)"]

[[package]]
name = "psycopg2"
version = "2.9.10"
description = "psycopg2 - Python-PostgreSQL Database Adapter"
optional = false
python-versions = ">=3.8"
groups = ["main"]
files = [
    {file = "psycopg2-2.9.10-cp310-cp310-win32.whl", hash = "sha256:5df2b672140f95adb453af93a7d669d7a7bf0a56bcd26f1502329166f4a61716"},
    {file = "psycopg2-2.9.10-cp310-cp310-win_amd64.whl", hash = "sha256:c6f7b8561225f9e711a9c47087388a97fdc948211c10a4bccbf0ba68ab7b3b5a"},
    {file = "psycopg2-2.9.10-cp311-cp311-win32.whl", hash = "sha256:47c4f9875125344f4c2b870e41b6aad585901318068acd01de93f3677a6522c2"},
    {file = "psycopg2-2.9.10-cp311-cp311-win_amd64.whl", hash = "sha256:0435034157049f6846e95103bd8f5a668788dd913a7c30162ca9503fdf542cb4"},
    {file = "psycopg2-2.9.10-cp312-cp312-win32.whl", hash = "sha256:65a63d7ab0e067e2cdb3cf266de39663203d38d6a8ed97f5ca0cb315c73fe067"},
    {file = "psycopg2-2.9.10-cp312-cp312-win_amd64.whl", hash = "sha256:4a579d6243da40a7b3182e0430493dbd55950c493d8c68f4eec0b302f6bbf20e"},
    {file = "psycopg2-2.9.10-cp313-cp313-win_amd64.whl", hash = "sha256:91fd603a2155da8d0cfcdbf8ab24a2d54bca72795b90d2a3ed2b6da8d979dee2"},
    {file = "psycopg2-2.9.10-cp39-cp39-win32.whl", hash = "sha256:9d5b3b94b79a844a986d029eee38998232451119ad653aea42bb9220a8c5066b"},
    {file = "psycopg2-2.9.10-cp39-cp39-win_amd64.whl", hash = "sha256:88138c8dedcbfa96408023ea2b0c369eda40fe5d75002c0964c78f46f11fa442"},
    {file = "psycopg2-2.9.10.tar.gz", hash = "sha256:12ec0b40b0273f95296233e8750441339298e6a572f7039da5b260e3c8b60e11"},
]

[[package]]
name = "pydotplus"
version = "2.0.2"
description = "Python interface to Graphviz's Dot language"
optional = false
python-versions = "*"
groups = ["main", "dev"]
files = [
    {file = "pydotplus-2.0.2.tar.gz", hash = "sha256:91e85e9ee9b85d2391ead7d635e3d9c7f5f44fd60a60e59b13e2403fa66505c4"},
]

[package.dependencies]
pyparsing = ">=2.0.1"

[[package]]
name = "pyjwt"
version = "2.10.1"
description = "JSON Web Token implementation in Python"
optional = false
python-versions = ">=3.9"
groups = ["main"]
files = [
    {file = "PyJWT-2.10.1-py3-none-any.whl", hash = "sha256:dcdd193e30abefd5debf142f9adfcdd2b58004e644f25406ffaebd50bd98dacb"},
    {file = "pyjwt-2.10.1.tar.gz", hash = "sha256:3cc5772eb20009233caf06e9d8a0577824723b44e6648ee0a2aedb6cf9381953"},
]

[package.extras]
crypto = ["cryptography (>=3.4.0)"]
dev = ["coverage[toml] (==5.0.4)", "cryptography (>=3.4.0)", "pre-commit", "pytest (>=6.0.0,<7.0.0)", "sphinx", "sphinx-rtd-theme", "zope.interface"]
docs = ["sphinx", "sphinx-rtd-theme", "zope.interface"]
tests = ["coverage[toml] (==5.0.4)", "pytest (>=6.0.0,<7.0.0)"]

[[package]]
name = "pyparsing"
version = "3.2.1"
description = "pyparsing module - Classes and methods to define and execute parsing grammars"
optional = false
python-versions = ">=3.9"
groups = ["main", "dev"]
files = [
    {file = "pyparsing-3.2.1-py3-none-any.whl", hash = "sha256:506ff4f4386c4cec0590ec19e6302d3aedb992fdc02c761e90416f158dacf8e1"},
    {file = "pyparsing-3.2.1.tar.gz", hash = "sha256:61980854fd66de3a90028d679a954d5f2623e83144b5afe5ee86f43d762e5f0a"},
]

[package.extras]
diagrams = ["jinja2", "railroad-diagrams"]

[[package]]
name = "python-dateutil"
version = "2.9.0.post0"
description = "Extensions to the standard Python datetime module"
optional = false
python-versions = "!=3.0.*,!=3.1.*,!=3.2.*,>=2.7"
groups = ["main"]
files = [
    {file = "python-dateutil-2.9.0.post0.tar.gz", hash = "sha256:37dd54208da7e1cd875388217d5e00ebd4179249f90fb72437e91a35459a0ad3"},
    {file = "python_dateutil-2.9.0.post0-py2.py3-none-any.whl", hash = "sha256:a8b2bc7bffae282281c8140a97d3aa9c14da0b136dfe83f850eea9a5f7470427"},
]

[package.dependencies]
six = ">=1.5"

[[package]]
name = "pytz"
version = "2025.1"
description = "World timezone definitions, modern and historical"
optional = false
python-versions = "*"
groups = ["main"]
files = [
    {file = "pytz-2025.1-py2.py3-none-any.whl", hash = "sha256:89dd22dca55b46eac6eda23b2d72721bf1bdfef212645d81513ef5d03038de57"},
    {file = "pytz-2025.1.tar.gz", hash = "sha256:c2db42be2a2518b28e65f9207c4d05e6ff547d1efa4086469ef855e4ab70178e"},
]

[[package]]
name = "rcssmin"
version = "1.1.2"
description = "CSS Minifier"
optional = false
python-versions = "*"
groups = ["main"]
files = [
    {file = "rcssmin-1.1.2-cp27-cp27m-manylinux1_i686.whl", hash = "sha256:0101a55992ded00220d38ebaf003d0858c1e6e8b365df6f18f9d7a2cdc5574b3"},
    {file = "rcssmin-1.1.2-cp27-cp27m-manylinux1_x86_64.whl", hash = "sha256:9d7a5c6a08948ae5d7e1422ac34031fc05242786e6b600b37948412ee16f3655"},
    {file = "rcssmin-1.1.2-cp27-cp27mu-manylinux1_i686.whl", hash = "sha256:5f602bcaa457680a89904c10d1a539ffae5d4de08ec61a2044efc93c9a743860"},
    {file = "rcssmin-1.1.2-cp27-cp27mu-manylinux1_x86_64.whl", hash = "sha256:d9384421d8cb516202349da7b6502d77df14860fa710f91dbe0b03b3b895dda3"},
    {file = "rcssmin-1.1.2-cp310-cp310-manylinux1_i686.whl", hash = "sha256:d40964dc7fbd74be30b1ef5543bb75c479a53d53362ecccba3f1a5de6453faca"},
    {file = "rcssmin-1.1.2-cp310-cp310-manylinux1_x86_64.whl", hash = "sha256:c9a55657a3d11c5901259b14f941ed7eec118cd5a4416535102eda491de6753f"},
    {file = "rcssmin-1.1.2-cp310-cp310-manylinux2014_aarch64.whl", hash = "sha256:065b7f85902c87011951b1d084fa694099d70feb6bef1c3e89456a1a0668c73b"},
    {file = "rcssmin-1.1.2-cp310-cp310-musllinux_1_1_aarch64.whl", hash = "sha256:b37db48eacf5b8ad09ee14eb25db8cc7176ce2339c1028499547858c152a936a"},
    {file = "rcssmin-1.1.2-cp310-cp310-musllinux_1_1_i686.whl", hash = "sha256:f1468ccbfe16a2b4cff5bc0d330488bb496f71b542d26bd2005b2ab05a295752"},
    {file = "rcssmin-1.1.2-cp310-cp310-musllinux_1_1_x86_64.whl", hash = "sha256:b3577e4955b89324cd8214ae8e9c2ce452197ea2f789527538cf41e662930495"},
    {file = "rcssmin-1.1.2-cp311-cp311-manylinux1_i686.whl", hash = "sha256:83dd2c3f7b70fae9c97bab99fd7a709dc852f0bc3e7482f8cfb378e0c5f1aed8"},
    {file = "rcssmin-1.1.2-cp311-cp311-manylinux1_x86_64.whl", hash = "sha256:2219d704f27006ecd17ef4b5744cac5f68a276be0889b114130660fb798f3583"},
    {file = "rcssmin-1.1.2-cp311-cp311-manylinux2014_aarch64.whl", hash = "sha256:a5e758c8db03a57fef847542bf14d96da75913cc0e2495540c018943c1f2d142"},
    {file = "rcssmin-1.1.2-cp311-cp311-musllinux_1_1_aarch64.whl", hash = "sha256:a0e353ecbfde3dba0a6579a674fc1dcdc1ff7e47ceff3b29beb6e235b53a981c"},
    {file = "rcssmin-1.1.2-cp311-cp311-musllinux_1_1_i686.whl", hash = "sha256:140d1c0ba21fb8c3a2bafae164540a6816e8ec3492bea6ace0c52eebd2cf303f"},
    {file = "rcssmin-1.1.2-cp311-cp311-musllinux_1_1_x86_64.whl", hash = "sha256:ef0d472d8f6b8271fef3e388f98085a257703a635556a3ea77287616ab594ea9"},
    {file = "rcssmin-1.1.2-cp312-cp312-manylinux1_i686.whl", hash = "sha256:e58a54e63f79c996284240ec2dfb2992e8b90ad8941b1c70997e256b65940de7"},
    {file = "rcssmin-1.1.2-cp312-cp312-manylinux1_x86_64.whl", hash = "sha256:657324bfb76fa9e97badabe26af97a1622446f33c9073dd0510c7c7e8c7b96da"},
    {file = "rcssmin-1.1.2-cp312-cp312-manylinux2014_aarch64.whl", hash = "sha256:fdffd58868a752cac0400249ce21bddf55e00d3206f8885d4a3aca1dab487070"},
    {file = "rcssmin-1.1.2-cp312-cp312-musllinux_1_1_aarch64.whl", hash = "sha256:82aad2c3526055956fba537ab067ad937b3f57a1bd13c89bf691fced9c24c89d"},
    {file = "rcssmin-1.1.2-cp312-cp312-musllinux_1_1_i686.whl", hash = "sha256:3a860a1f4304e9813900f70fe6b1d429aff73a6fa30ef07f345f68d0a4e33abc"},
    {file = "rcssmin-1.1.2-cp312-cp312-musllinux_1_1_x86_64.whl", hash = "sha256:0451a2c7e7c1ff893ecb7820de862f2ea6336cc69d473ecb0206212e49c817fc"},
    {file = "rcssmin-1.1.2-cp36-cp36m-manylinux1_i686.whl", hash = "sha256:283b5931eb25e159c0c37bba0717cf3ada2ff77a2827337790cd3921d33ae1eb"},
    {file = "rcssmin-1.1.2-cp36-cp36m-manylinux1_x86_64.whl", hash = "sha256:4cf7de426fbcce30df31261c1ce84d06fb2ae2f239b0c16ab7e9e083e0462432"},
    {file = "rcssmin-1.1.2-cp36-cp36m-manylinux2014_aarch64.whl", hash = "sha256:47d4d5d67f9ab8f18a6412f8eff843612ebddfff131260fd25a0b273a3d3b1a0"},
    {file = "rcssmin-1.1.2-cp36-cp36m-musllinux_1_1_aarch64.whl", hash = "sha256:ce4fce4b3f0cf3621f13f6b8aebbe6c90de3587e383d13dbc7c4c1576f27fda8"},
    {file = "rcssmin-1.1.2-cp36-cp36m-musllinux_1_1_i686.whl", hash = "sha256:3ab50d50ecbfa41d8984b545871df447c90a0c55e16a594e0c97057eb694a7af"},
    {file = "rcssmin-1.1.2-cp36-cp36m-musllinux_1_1_x86_64.whl", hash = "sha256:8eddfed4ac175a97eb228a289f820ff1bffcc3db7c63345e4590a49de7051244"},
    {file = "rcssmin-1.1.2-cp37-cp37m-manylinux1_i686.whl", hash = "sha256:bc2d0ccf449f3f4c385789c9e7898f77fa40f88211cc7d385502f5ea11bc36f4"},
    {file = "rcssmin-1.1.2-cp37-cp37m-manylinux1_x86_64.whl", hash = "sha256:754c3cab791da42cabfd430289dd991183d2e97f6c36a758ac4fd83c6998cb77"},
    {file = "rcssmin-1.1.2-cp37-cp37m-manylinux2014_aarch64.whl", hash = "sha256:997d3f6defd707f8a7bd39cedb765cedbf9c790ed0bc1f1c8fb65f4026007021"},
    {file = "rcssmin-1.1.2-cp37-cp37m-musllinux_1_1_aarch64.whl", hash = "sha256:9c9688d42654f06535a2a052a0c2f02989b9052149f6cd3263ed320a10379657"},
    {file = "rcssmin-1.1.2-cp37-cp37m-musllinux_1_1_i686.whl", hash = "sha256:a8856db4529e524a632478d88f34d075ec7e772804257d9b99071b8bdd5f3733"},
    {file = "rcssmin-1.1.2-cp37-cp37m-musllinux_1_1_x86_64.whl", hash = "sha256:d59a28d6819ad43ed660dfcdf297593f04e8bc227d7abd9548f12a16d6e645f1"},
    {file = "rcssmin-1.1.2-cp38-cp38-manylinux1_i686.whl", hash = "sha256:d1c9efc26682ff610194a0c56b0f192355136e066ff78683806778f0bc5e5093"},
    {file = "rcssmin-1.1.2-cp38-cp38-manylinux1_x86_64.whl", hash = "sha256:e5f08c79991c8ee0aa7064aa58ae92b0811d4a84948636ec0219b39d257470aa"},
    {file = "rcssmin-1.1.2-cp38-cp38-manylinux2014_aarch64.whl", hash = "sha256:2d39b277a568f6208a4beea237c2d1188bd680deaff39f3742278462645a87ed"},
    {file = "rcssmin-1.1.2-cp38-cp38-musllinux_1_1_aarch64.whl", hash = "sha256:2b6a19926f7257ebb7d23040bb0ace05fa43dff7b60d8a9c35bfdf551fa57686"},
    {file = "rcssmin-1.1.2-cp38-cp38-musllinux_1_1_i686.whl", hash = "sha256:69283a445483ac439af10ca9f50463c3770ef79a99833af7d5105c75f8ab3c5d"},
    {file = "rcssmin-1.1.2-cp38-cp38-musllinux_1_1_x86_64.whl", hash = "sha256:a8e4c1bfa110d450970df60d904feab71c287e777a3cf522fd20e766483c8ce4"},
    {file = "rcssmin-1.1.2-cp39-cp39-manylinux1_i686.whl", hash = "sha256:19e48f7f66a3fa329215a02b3a952737b0b12f9976cd79ff2c236f96960d71d1"},
    {file = "rcssmin-1.1.2-cp39-cp39-manylinux1_x86_64.whl", hash = "sha256:e3ad642a1bfcbbddc3c36ad4c5676ef53267dd7c193c746a2f6670fe5bd03a60"},
    {file = "rcssmin-1.1.2-cp39-cp39-manylinux2014_aarch64.whl", hash = "sha256:20f8592341960b031967f7ada165e6c8077dfc01eb4092fb970a5a4e64506695"},
    {file = "rcssmin-1.1.2-cp39-cp39-musllinux_1_1_aarch64.whl", hash = "sha256:1c1d9a24132f4c48d080a59c20fce99a4fd9c393eb63f9779f2497ae28992de1"},
    {file = "rcssmin-1.1.2-cp39-cp39-musllinux_1_1_i686.whl", hash = "sha256:50576521c1e08e8f137225b8a6e8ae88e867f53dfd82c537616591c67f112aad"},
    {file = "rcssmin-1.1.2-cp39-cp39-musllinux_1_1_x86_64.whl", hash = "sha256:f363c9d242e1afce4fafbbf6bed52452464b19199e66075bed606764f31ca329"},
    {file = "rcssmin-1.1.2.tar.gz", hash = "sha256:bc75eb75bd6d345c0c51fd80fc487ddd6f9fd409dd7861b3fe98dee85018e1e9"},
]

[[package]]
name = "rest-framework-simplejwt"
version = "0.0.2"
description = "PoC of pipreqs dependency confusion"
optional = false
python-versions = ">=3.0"
groups = ["main"]
files = [
    {file = "rest_framework_simplejwt-0.0.2-py3-none-any.whl", hash = "sha256:620c56826ff4791c4aaa730ec52aed1f4c74b9c20ea15b9fc1a39bdf99a29a30"},
    {file = "rest_framework_simplejwt-0.0.2.tar.gz", hash = "sha256:035187ce5380e18e8b966610a89b6460fb4b73cd179979343888fb190328125d"},
]

[[package]]
name = "rjsmin"
version = "1.2.2"
description = "Javascript Minifier"
optional = false
python-versions = "*"
groups = ["main"]
files = [
    {file = "rjsmin-1.2.2-cp27-cp27m-manylinux1_i686.whl", hash = "sha256:4420107304ba7a00b5b9b56cdcd166b9876b34e626829fc4552c85d8fdc3737a"},
    {file = "rjsmin-1.2.2-cp27-cp27m-manylinux1_x86_64.whl", hash = "sha256:155a2f3312c1f8c6cec7b5080581cafc761dc0e41d64bfb5d46a772c5230ded8"},
    {file = "rjsmin-1.2.2-cp27-cp27mu-manylinux1_i686.whl", hash = "sha256:88fcb58d65f88cbfa752d51c1ebe5845553f9706def6d9671e98283411575e3e"},
    {file = "rjsmin-1.2.2-cp27-cp27mu-manylinux1_x86_64.whl", hash = "sha256:6eae13608b88f4ce32e0557c8fdef58e69bb4d293182202a03e800f0d33b5268"},
    {file = "rjsmin-1.2.2-cp310-cp310-manylinux1_i686.whl", hash = "sha256:81f92fb855fb613ebd04a6d6d46483e71fe3c4f22042dc30dcc938fbd748e59c"},
    {file = "rjsmin-1.2.2-cp310-cp310-manylinux1_x86_64.whl", hash = "sha256:897db9bf25538047e9388951d532dc291a629b5d041180a8a1a8c102e9d44b90"},
    {file = "rjsmin-1.2.2-cp310-cp310-manylinux2014_aarch64.whl", hash = "sha256:5938af8c46734f92f74fdc4d0b6324137c0e09f0a8c3825c83e4cfca1b532e40"},
    {file = "rjsmin-1.2.2-cp310-cp310-musllinux_1_1_aarch64.whl", hash = "sha256:0424a7b9096fa2b0ab577c4dc7acd683e6cfb5c718ad39a9fb293cb6cbaba95b"},
    {file = "rjsmin-1.2.2-cp310-cp310-musllinux_1_1_i686.whl", hash = "sha256:1714ed93c2bd40c5f970905d2eeda4a6844e09087ae11277d4d43b3e68c32a47"},
    {file = "rjsmin-1.2.2-cp310-cp310-musllinux_1_1_x86_64.whl", hash = "sha256:35596fa6d2d44a5471715c464657123995da78aa6f79bccfbb4b8d6ff7d0a4b4"},
    {file = "rjsmin-1.2.2-cp311-cp311-manylinux1_i686.whl", hash = "sha256:3968667158948355b9a62e9641497aac7ac069c076a595e93199d0fe3a40217a"},
    {file = "rjsmin-1.2.2-cp311-cp311-manylinux1_x86_64.whl", hash = "sha256:d07d14354694f6a47f572f2aa2a1ad74b76723e62a0d2b6df796138b71888247"},
    {file = "rjsmin-1.2.2-cp311-cp311-manylinux2014_aarch64.whl", hash = "sha256:a78dfa6009235b902454ac53264252b7b94f1e43e3a9e97c4cadae88e409b882"},
    {file = "rjsmin-1.2.2-cp311-cp311-musllinux_1_1_aarch64.whl", hash = "sha256:9b7a45001e58243a455d11d2de925cadb8c2a0dc737001de646a0f4d90cf0034"},
    {file = "rjsmin-1.2.2-cp311-cp311-musllinux_1_1_i686.whl", hash = "sha256:86c5e657b74b6c9482bb96f18a79d61750f4e8204759cce179f7eb17d395c683"},
    {file = "rjsmin-1.2.2-cp311-cp311-musllinux_1_1_x86_64.whl", hash = "sha256:8c2c30b86c7232443a4a726e1bbee34f800556e581e95fc07194ecbf8e02d1d2"},
    {file = "rjsmin-1.2.2-cp312-cp312-manylinux1_i686.whl", hash = "sha256:8982c3ef27fac26dd6b7d0c55ae98fa550fee72da2db010b87211e4b5dd78a67"},
    {file = "rjsmin-1.2.2-cp312-cp312-manylinux1_x86_64.whl", hash = "sha256:3fc27ae4ece99e2c994cd79df2f0d3f7ac650249f632d19aa8ce85118e33bf0f"},
    {file = "rjsmin-1.2.2-cp312-cp312-manylinux2014_aarch64.whl", hash = "sha256:41113d8d6cae7f7406b30143cc49cc045bbb3fadc2f28df398cea30e1daa60b1"},
    {file = "rjsmin-1.2.2-cp312-cp312-musllinux_1_1_aarch64.whl", hash = "sha256:3aa09a89b2b7aa2b9251329fe0c3e36c2dc2f10f78b8811e5be92a072596348b"},
    {file = "rjsmin-1.2.2-cp312-cp312-musllinux_1_1_i686.whl", hash = "sha256:5abb8d1241f4ea97950b872fa97a422ba8413fe02358f64128ff0cf745017f07"},
    {file = "rjsmin-1.2.2-cp312-cp312-musllinux_1_1_x86_64.whl", hash = "sha256:5abc686a9ef7eaf208f9ad1fb5fb949556ecb7cc1fee27290eb7f194e01d97bd"},
    {file = "rjsmin-1.2.2-cp36-cp36m-manylinux1_i686.whl", hash = "sha256:076adcf04c34f712c9427fd9ba6a75bbf7aab975650dfc78cbdd0fbdbe49ca63"},
    {file = "rjsmin-1.2.2-cp36-cp36m-manylinux1_x86_64.whl", hash = "sha256:8cb8947ddd250fce58261b0357846cd5d55419419c0f7dfb131dc4b733579a26"},
    {file = "rjsmin-1.2.2-cp36-cp36m-manylinux2014_aarch64.whl", hash = "sha256:9069c48b6508b9c5b05435e2c6042c2a0e2f97b35d7b9c27ceaea5fd377ffdc5"},
    {file = "rjsmin-1.2.2-cp36-cp36m-musllinux_1_1_aarch64.whl", hash = "sha256:02b61cf9b6bc518fdac667f3ca3dab051cb8bd1bf4cba28b6d29153ec27990ad"},
    {file = "rjsmin-1.2.2-cp36-cp36m-musllinux_1_1_i686.whl", hash = "sha256:09eca8581797244587916e5e07e36c4c86d54a4b7e5c7697484a95b75803515d"},
    {file = "rjsmin-1.2.2-cp36-cp36m-musllinux_1_1_x86_64.whl", hash = "sha256:c52b9dd45c837f1c5c2e8d40776f9e63257f8dbd5f79b85f648cc70da6c1e4e9"},
    {file = "rjsmin-1.2.2-cp37-cp37m-manylinux1_i686.whl", hash = "sha256:4fe4ce990412c053a6bcd47d55133927e22fd3d100233d73355f60f9053054c5"},
    {file = "rjsmin-1.2.2-cp37-cp37m-manylinux1_x86_64.whl", hash = "sha256:aa883b9363b5134239066060879d5eb422a0d4ccf24ccf871f65a5b34c64926f"},
    {file = "rjsmin-1.2.2-cp37-cp37m-manylinux2014_aarch64.whl", hash = "sha256:6f4e95c5ac95b4cbb519917b3aa1d3d92fc6939c371637674c4a42b67b2b3f44"},
    {file = "rjsmin-1.2.2-cp37-cp37m-musllinux_1_1_aarch64.whl", hash = "sha256:ae3cd64e18e62aa330b24dd6f7b9809ce0a694afd1f01fe99c21f9acd1cb0ea6"},
    {file = "rjsmin-1.2.2-cp37-cp37m-musllinux_1_1_i686.whl", hash = "sha256:7999d797fcf805844d2d91598651785497249f592f31674da0964e794b3be019"},
    {file = "rjsmin-1.2.2-cp37-cp37m-musllinux_1_1_x86_64.whl", hash = "sha256:e733fea039a7b5ad7c06cc8bf215ee7afac81d462e273b3ab55c1ccc906cf127"},
    {file = "rjsmin-1.2.2-cp38-cp38-manylinux1_i686.whl", hash = "sha256:ccca74461bd53a99ff3304fcf299ea861df89846be3207329cb82d717ce47ea6"},
    {file = "rjsmin-1.2.2-cp38-cp38-manylinux1_x86_64.whl", hash = "sha256:88f59ad24f91bf9c25d5c2ca3c84a72eed0028f57a98e3b85a915ece5c25be1e"},
    {file = "rjsmin-1.2.2-cp38-cp38-manylinux2014_aarch64.whl", hash = "sha256:7a8b56fbd64adcc4402637f0e07b90b441e9981d720a10eb6265118018b42682"},
    {file = "rjsmin-1.2.2-cp38-cp38-musllinux_1_1_aarch64.whl", hash = "sha256:2c24686cfdf86e55692183f7867e72c9e982add479c244eda7b8390f96db2c6c"},
    {file = "rjsmin-1.2.2-cp38-cp38-musllinux_1_1_i686.whl", hash = "sha256:6c0d9f9ea8d9cd48cbcdc74a1c2e85d4d588af12bb8f0b672070ae7c9b6e6306"},
    {file = "rjsmin-1.2.2-cp38-cp38-musllinux_1_1_x86_64.whl", hash = "sha256:27abd32c9f5b6e0c0a3bcad43e8e24108c6d6c13a4e6c50c97497ea2b4614bb4"},
    {file = "rjsmin-1.2.2-cp39-cp39-manylinux1_i686.whl", hash = "sha256:e0e009f6f8460901f5144b34ac2948f94af2f9b8c9b5425da705dbc8152c36c2"},
    {file = "rjsmin-1.2.2-cp39-cp39-manylinux1_x86_64.whl", hash = "sha256:41e6013cb37a5b3563c19aa35f8e659fa536aa4197a0e3b6a57a381638294a15"},
    {file = "rjsmin-1.2.2-cp39-cp39-manylinux2014_aarch64.whl", hash = "sha256:62cbd38c9f5090f0a6378a45c415b4f96ae871216cedab0dfa21965620c0be4c"},
    {file = "rjsmin-1.2.2-cp39-cp39-musllinux_1_1_aarch64.whl", hash = "sha256:2fd5254d36f10a17564b63e8bf9ac579c7b5f211364e11e9753ff5b562843c67"},
    {file = "rjsmin-1.2.2-cp39-cp39-musllinux_1_1_i686.whl", hash = "sha256:6cf0309d001a0d45d731dbaab1afd0c23d135c9e029fe56c935c1798094686fc"},
    {file = "rjsmin-1.2.2-cp39-cp39-musllinux_1_1_x86_64.whl", hash = "sha256:bfbe333dab8d23f0a71da90e2d8e8b762a739cbd55a6f948b2dfda089b6d5853"},
    {file = "rjsmin-1.2.2.tar.gz", hash = "sha256:8c1bcd821143fecf23242012b55e13610840a839cd467b358f16359010d62dae"},
]

[[package]]
name = "six"
version = "1.17.0"
description = "Python 2 and 3 compatibility utilities"
optional = false
python-versions = "!=3.0.*,!=3.1.*,!=3.2.*,>=2.7"
groups = ["main"]
files = [
    {file = "six-1.17.0-py2.py3-none-any.whl", hash = "sha256:4721f391ed90541fddacab5acf947aa0d3dc7d27b2e1e8eda2be8970586c3274"},
    {file = "six-1.17.0.tar.gz", hash = "sha256:ff70335d468e7eb6ec65b95b99d3a2836546063f63acc5171de367e834932a81"},
]

[[package]]
name = "sqlparse"
version = "0.5.3"
description = "A non-validating SQL parser."
optional = false
python-versions = ">=3.8"
groups = ["main", "dev"]
files = [
    {file = "sqlparse-0.5.3-py3-none-any.whl", hash = "sha256:cf2196ed3418f3ba5de6af7e82c694a9fbdbfecccdfc72e281548517081f16ca"},
    {file = "sqlparse-0.5.3.tar.gz", hash = "sha256:09f67787f56a0b16ecdbde1bfc7f5d9c3371ca683cfeaa8e6ff60b4807ec9272"},
]

[package.extras]
dev = ["build", "hatch"]
doc = ["sphinx"]

[[package]]
name = "tzdata"
version = "2025.1"
description = "Provider of IANA time zone data"
optional = false
python-versions = ">=2"
groups = ["main", "dev"]
files = [
    {file = "tzdata-2025.1-py2.py3-none-any.whl", hash = "sha256:7e127113816800496f027041c570f50bcd464a020098a3b6b199517772303639"},
    {file = "tzdata-2025.1.tar.gz", hash = "sha256:24894909e88cdb28bd1636c6887801df64cb485bd593f2fd83ef29075a81d694"},
]
markers = {dev = "sys_platform == \"win32\""}

[metadata]
lock-version = "2.1"
python-versions = "^3.13"
content-hash = "67ebe940202f8e6c8f10ab0e91cd5db305abd7b60ee6a5fe45feb1795a75955e"
